// !$*UTF8*$!
{
	archiveVersion = 1;
	classes = {
	};
	objectVersion = 51;
	objects = {

/* Begin PBXBuildFile section */
		38914BB3921FEABED9CF169F /* Pods_WeatherAppTest.framework in Frameworks */ = {isa = PBXBuildFile; fileRef = 7F02826859061AF5D5374C8E /* Pods_WeatherAppTest.framework */; };
		ED86B000268466660084C412 /* TabBarSettings.swift in Sources */ = {isa = PBXBuildFile; fileRef = ED86AFFF268466660084C412 /* TabBarSettings.swift */; };
		EDA9006E267C967F00D9ACB4 /* AppDelegate.swift in Sources */ = {isa = PBXBuildFile; fileRef = EDA9006D267C967F00D9ACB4 /* AppDelegate.swift */; };
		EDA90070267C967F00D9ACB4 /* SceneDelegate.swift in Sources */ = {isa = PBXBuildFile; fileRef = EDA9006F267C967F00D9ACB4 /* SceneDelegate.swift */; };
		EDA90072267C967F00D9ACB4 /* ViewController.swift in Sources */ = {isa = PBXBuildFile; fileRef = EDA90071267C967F00D9ACB4 /* ViewController.swift */; };
		EDA90075267C967F00D9ACB4 /* Main.storyboard in Resources */ = {isa = PBXBuildFile; fileRef = EDA90073267C967F00D9ACB4 /* Main.storyboard */; };
		EDA90078267C967F00D9ACB4 /* WeatherAppTest.xcdatamodeld in Sources */ = {isa = PBXBuildFile; fileRef = EDA90076267C967F00D9ACB4 /* WeatherAppTest.xcdatamodeld */; };
		EDA9007A267C968000D9ACB4 /* Assets.xcassets in Resources */ = {isa = PBXBuildFile; fileRef = EDA90079267C968000D9ACB4 /* Assets.xcassets */; };
		EDA9007D267C968000D9ACB4 /* LaunchScreen.storyboard in Resources */ = {isa = PBXBuildFile; fileRef = EDA9007B267C968000D9ACB4 /* LaunchScreen.storyboard */; };
		EDA9008B267C97FB00D9ACB4 /* Constans.swift in Sources */ = {isa = PBXBuildFile; fileRef = EDA9008A267C97FB00D9ACB4 /* Constans.swift */; };
		EDA9008F267C9AB100D9ACB4 /* WeatherData.swift in Sources */ = {isa = PBXBuildFile; fileRef = EDA9008E267C9AB100D9ACB4 /* WeatherData.swift */; };
		EDA900932680C63B00D9ACB4 /* DailyForecastViewController.swift in Sources */ = {isa = PBXBuildFile; fileRef = EDA900922680C63B00D9ACB4 /* DailyForecastViewController.swift */; };
/* End PBXBuildFile section */

/* Begin PBXFileReference section */
		33EE4186C97967C77730F69C /* Pods-WeatherAppTest.debug.xcconfig */ = {isa = PBXFileReference; includeInIndex = 1; lastKnownFileType = text.xcconfig; name = "Pods-WeatherAppTest.debug.xcconfig"; path = "Target Support Files/Pods-WeatherAppTest/Pods-WeatherAppTest.debug.xcconfig"; sourceTree = "<group>"; };
		7F02826859061AF5D5374C8E /* Pods_WeatherAppTest.framework */ = {isa = PBXFileReference; explicitFileType = wrapper.framework; includeInIndex = 0; path = Pods_WeatherAppTest.framework; sourceTree = BUILT_PRODUCTS_DIR; };
		97F8A05EDBC9B5CBF7CF2C14 /* Pods-WeatherAppTest.release.xcconfig */ = {isa = PBXFileReference; includeInIndex = 1; lastKnownFileType = text.xcconfig; name = "Pods-WeatherAppTest.release.xcconfig"; path = "Target Support Files/Pods-WeatherAppTest/Pods-WeatherAppTest.release.xcconfig"; sourceTree = "<group>"; };
		ED86AFFF268466660084C412 /* TabBarSettings.swift */ = {isa = PBXFileReference; lastKnownFileType = sourcecode.swift; path = TabBarSettings.swift; sourceTree = "<group>"; };
		EDA9006A267C967F00D9ACB4 /* WeatherAppTest.app */ = {isa = PBXFileReference; explicitFileType = wrapper.application; includeInIndex = 0; path = WeatherAppTest.app; sourceTree = BUILT_PRODUCTS_DIR; };
		EDA9006D267C967F00D9ACB4 /* AppDelegate.swift */ = {isa = PBXFileReference; lastKnownFileType = sourcecode.swift; path = AppDelegate.swift; sourceTree = "<group>"; };
		EDA9006F267C967F00D9ACB4 /* SceneDelegate.swift */ = {isa = PBXFileReference; lastKnownFileType = sourcecode.swift; path = SceneDelegate.swift; sourceTree = "<group>"; };
		EDA90071267C967F00D9ACB4 /* ViewController.swift */ = {isa = PBXFileReference; lastKnownFileType = sourcecode.swift; path = ViewController.swift; sourceTree = "<group>"; };
		EDA90074267C967F00D9ACB4 /* Base */ = {isa = PBXFileReference; lastKnownFileType = file.storyboard; name = Base; path = Base.lproj/Main.storyboard; sourceTree = "<group>"; };
		EDA90077267C967F00D9ACB4 /* WeatherAppTest.xcdatamodel */ = {isa = PBXFileReference; lastKnownFileType = wrapper.xcdatamodel; path = WeatherAppTest.xcdatamodel; sourceTree = "<group>"; };
		EDA90079267C968000D9ACB4 /* Assets.xcassets */ = {isa = PBXFileReference; lastKnownFileType = folder.assetcatalog; path = Assets.xcassets; sourceTree = "<group>"; };
		EDA9007C267C968000D9ACB4 /* Base */ = {isa = PBXFileReference; lastKnownFileType = file.storyboard; name = Base; path = Base.lproj/LaunchScreen.storyboard; sourceTree = "<group>"; };
		EDA9007E267C968000D9ACB4 /* Info.plist */ = {isa = PBXFileReference; lastKnownFileType = text.plist.xml; path = Info.plist; sourceTree = "<group>"; };
		EDA9008A267C97FB00D9ACB4 /* Constans.swift */ = {isa = PBXFileReference; lastKnownFileType = sourcecode.swift; path = Constans.swift; sourceTree = "<group>"; };
		EDA9008E267C9AB100D9ACB4 /* WeatherData.swift */ = {isa = PBXFileReference; lastKnownFileType = sourcecode.swift; path = WeatherData.swift; sourceTree = "<group>"; };
		EDA900922680C63B00D9ACB4 /* DailyForecastViewController.swift */ = {isa = PBXFileReference; lastKnownFileType = sourcecode.swift; path = DailyForecastViewController.swift; sourceTree = "<group>"; };
/* End PBXFileReference section */

/* Begin PBXFrameworksBuildPhase section */
		EDA90067267C967F00D9ACB4 /* Frameworks */ = {
			isa = PBXFrameworksBuildPhase;
			buildActionMask = 2147483647;
			files = (
				38914BB3921FEABED9CF169F /* Pods_WeatherAppTest.framework in Frameworks */,
			);
			runOnlyForDeploymentPostprocessing = 0;
		};
/* End PBXFrameworksBuildPhase section */

/* Begin PBXGroup section */
		1E5398357D5626D3E9F05877 /* Pods */ = {
			isa = PBXGroup;
			children = (
				33EE4186C97967C77730F69C /* Pods-WeatherAppTest.debug.xcconfig */,
				97F8A05EDBC9B5CBF7CF2C14 /* Pods-WeatherAppTest.release.xcconfig */,
			);
			path = Pods;
			sourceTree = "<group>";
		};
		3BC0F9A0B025382CD5209D87 /* Frameworks */ = {
			isa = PBXGroup;
			children = (
				7F02826859061AF5D5374C8E /* Pods_WeatherAppTest.framework */,
			);
			name = Frameworks;
			sourceTree = "<group>";
		};
		EDA90061267C967F00D9ACB4 = {
			isa = PBXGroup;
			children = (
				EDA9006C267C967F00D9ACB4 /* WeatherAppTest */,
				EDA9006B267C967F00D9ACB4 /* Products */,
				1E5398357D5626D3E9F05877 /* Pods */,
				3BC0F9A0B025382CD5209D87 /* Frameworks */,
			);
			sourceTree = "<group>";
		};
		EDA9006B267C967F00D9ACB4 /* Products */ = {
			isa = PBXGroup;
			children = (
				EDA9006A267C967F00D9ACB4 /* WeatherAppTest.app */,
			);
			name = Products;
			sourceTree = "<group>";
		};
		EDA9006C267C967F00D9ACB4 /* WeatherAppTest */ = {
			isa = PBXGroup;
			children = (
				EDA90089267C97EF00D9ACB4 /* Helper */,
				EDA90087267C979300D9ACB4 /* View */,
				EDA90086267C978500D9ACB4 /* Model */,
				EDA90085267C977E00D9ACB4 /* Service */,
				EDA90088267C979E00D9ACB4 /* Assets File */,
				EDA9007E267C968000D9ACB4 /* Info.plist */,
			);
			path = WeatherAppTest;
			sourceTree = "<group>";
		};
		EDA90085267C977E00D9ACB4 /* Service */ = {
			isa = PBXGroup;
			children = (
			);
			path = Service;
			sourceTree = "<group>";
		};
		EDA90086267C978500D9ACB4 /* Model */ = {
			isa = PBXGroup;
			children = (
				EDA9008E267C9AB100D9ACB4 /* WeatherData.swift */,
			);
			path = Model;
			sourceTree = "<group>";
		};
		EDA90087267C979300D9ACB4 /* View */ = {
			isa = PBXGroup;
			children = (
				EDA90071267C967F00D9ACB4 /* ViewController.swift */,
				EDA900922680C63B00D9ACB4 /* DailyForecastViewController.swift */,
				ED86AFFF268466660084C412 /* TabBarSettings.swift */,
			);
			path = View;
			sourceTree = "<group>";
		};
		EDA90088267C979E00D9ACB4 /* Assets File */ = {
			isa = PBXGroup;
			children = (
				EDA9006D267C967F00D9ACB4 /* AppDelegate.swift */,
				EDA9006F267C967F00D9ACB4 /* SceneDelegate.swift */,
				EDA9007B267C968000D9ACB4 /* LaunchScreen.storyboard */,
				EDA90073267C967F00D9ACB4 /* Main.storyboard */,
				EDA90079267C968000D9ACB4 /* Assets.xcassets */,
				EDA90076267C967F00D9ACB4 /* WeatherAppTest.xcdatamodeld */,
			);
			path = "Assets File";
			sourceTree = "<group>";
		};
		EDA90089267C97EF00D9ACB4 /* Helper */ = {
			isa = PBXGroup;
			children = (
				EDA9008A267C97FB00D9ACB4 /* Constans.swift */,
			);
			path = Helper;
			sourceTree = "<group>";
		};
/* End PBXGroup section */

/* Begin PBXNativeTarget section */
		EDA90069267C967F00D9ACB4 /* WeatherAppTest */ = {
			isa = PBXNativeTarget;
			buildConfigurationList = EDA90081267C968000D9ACB4 /* Build configuration list for PBXNativeTarget "WeatherAppTest" */;
			buildPhases = (
				EDA90084267C973100D9ACB4 /* ShellScript */,
				B5296031F7B89DA284541CF8 /* [CP] Check Pods Manifest.lock */,
				EDA90066267C967F00D9ACB4 /* Sources */,
				EDA90067267C967F00D9ACB4 /* Frameworks */,
				EDA90068267C967F00D9ACB4 /* Resources */,
				A9C82183B1F6E8073BFB0CD9 /* [CP] Embed Pods Frameworks */,
			);
			buildRules = (
			);
			dependencies = (
			);
			name = WeatherAppTest;
			productName = WeatherAppTest;
			productReference = EDA9006A267C967F00D9ACB4 /* WeatherAppTest.app */;
			productType = "com.apple.product-type.application";
		};
/* End PBXNativeTarget section */

/* Begin PBXProject section */
		EDA90062267C967F00D9ACB4 /* Project object */ = {
			isa = PBXProject;
			attributes = {
				LastSwiftUpdateCheck = 1250;
				LastUpgradeCheck = 1250;
				TargetAttributes = {
					EDA90069267C967F00D9ACB4 = {
						CreatedOnToolsVersion = 12.5;
					};
				};
			};
			buildConfigurationList = EDA90065267C967F00D9ACB4 /* Build configuration list for PBXProject "WeatherAppTest" */;
			compatibilityVersion = "Xcode 9.3";
			developmentRegion = en;
			hasScannedForEncodings = 0;
			knownRegions = (
				en,
				Base,
			);
			mainGroup = EDA90061267C967F00D9ACB4;
			productRefGroup = EDA9006B267C967F00D9ACB4 /* Products */;
			projectDirPath = "";
			projectRoot = "";
			targets = (
				EDA90069267C967F00D9ACB4 /* WeatherAppTest */,
			);
		};
/* End PBXProject section */

/* Begin PBXResourcesBuildPhase section */
		EDA90068267C967F00D9ACB4 /* Resources */ = {
			isa = PBXResourcesBuildPhase;
			buildActionMask = 2147483647;
			files = (
				EDA9007D267C968000D9ACB4 /* LaunchScreen.storyboard in Resources */,
				EDA9007A267C968000D9ACB4 /* Assets.xcassets in Resources */,
				EDA90075267C967F00D9ACB4 /* Main.storyboard in Resources */,
			);
			runOnlyForDeploymentPostprocessing = 0;
		};
/* End PBXResourcesBuildPhase section */

/* Begin PBXShellScriptBuildPhase section */
		A9C82183B1F6E8073BFB0CD9 /* [CP] Embed Pods Frameworks */ = {
			isa = PBXShellScriptBuildPhase;
			buildActionMask = 2147483647;
			files = (
			);
			inputFileListPaths = (
				"${PODS_ROOT}/Target Support Files/Pods-WeatherAppTest/Pods-WeatherAppTest-frameworks-${CONFIGURATION}-input-files.xcfilelist",
			);
			name = "[CP] Embed Pods Frameworks";
			outputFileListPaths = (
				"${PODS_ROOT}/Target Support Files/Pods-WeatherAppTest/Pods-WeatherAppTest-frameworks-${CONFIGURATION}-output-files.xcfilelist",
			);
			runOnlyForDeploymentPostprocessing = 0;
			shellPath = /bin/sh;
			shellScript = "\"${PODS_ROOT}/Target Support Files/Pods-WeatherAppTest/Pods-WeatherAppTest-frameworks.sh\"\n";
			showEnvVarsInLog = 0;
		};
		B5296031F7B89DA284541CF8 /* [CP] Check Pods Manifest.lock */ = {
			isa = PBXShellScriptBuildPhase;
			buildActionMask = 2147483647;
			files = (
			);
			inputFileListPaths = (
			);
			inputPaths = (
				"${PODS_PODFILE_DIR_PATH}/Podfile.lock",
				"${PODS_ROOT}/Manifest.lock",
			);
			name = "[CP] Check Pods Manifest.lock";
			outputFileListPaths = (
			);
			outputPaths = (
				"$(DERIVED_FILE_DIR)/Pods-WeatherAppTest-checkManifestLockResult.txt",
			);
			runOnlyForDeploymentPostprocessing = 0;
			shellPath = /bin/sh;
			shellScript = "diff \"${PODS_PODFILE_DIR_PATH}/Podfile.lock\" \"${PODS_ROOT}/Manifest.lock\" > /dev/null\nif [ $? != 0 ] ; then\n    # print error to STDERR\n    echo \"error: The sandbox is not in sync with the Podfile.lock. Run 'pod install' or update your CocoaPods installation.\" >&2\n    exit 1\nfi\n# This output is used by Xcode 'outputs' to avoid re-running this script phase.\necho \"SUCCESS\" > \"${SCRIPT_OUTPUT_FILE_0}\"\n";
			showEnvVarsInLog = 0;
		};
		EDA90084267C973100D9ACB4 /* ShellScript */ = {
			isa = PBXShellScriptBuildPhase;
			buildActionMask = 2147483647;
			files = (
			);
			inputFileListPaths = (
			);
			inputPaths = (
			);
			outputFileListPaths = (
			);
			outputPaths = (
			);
			runOnlyForDeploymentPostprocessing = 0;
			shellPath = /bin/sh;
			shellScript = "\"${PODS_ROOT}/SwiftLint/swiftlint\"\n";
		};
/* End PBXShellScriptBuildPhase section */

/* Begin PBXSourcesBuildPhase section */
		EDA90066267C967F00D9ACB4 /* Sources */ = {
			isa = PBXSourcesBuildPhase;
			buildActionMask = 2147483647;
			files = (
				EDA90078267C967F00D9ACB4 /* WeatherAppTest.xcdatamodeld in Sources */,
				EDA90072267C967F00D9ACB4 /* ViewController.swift in Sources */,
				EDA900932680C63B00D9ACB4 /* DailyForecastViewController.swift in Sources */,
				EDA9008F267C9AB100D9ACB4 /* WeatherData.swift in Sources */,
				ED86B000268466660084C412 /* TabBarSettings.swift in Sources */,
				EDA9008B267C97FB00D9ACB4 /* Constans.swift in Sources */,
				EDA9006E267C967F00D9ACB4 /* AppDelegate.swift in Sources */,
				EDA90070267C967F00D9ACB4 /* SceneDelegate.swift in Sources */,
			);
			runOnlyForDeploymentPostprocessing = 0;
		};
/* End PBXSourcesBuildPhase section */

/* Begin PBXVariantGroup section */
		EDA90073267C967F00D9ACB4 /* Main.storyboard */ = {
			isa = PBXVariantGroup;
			children = (
				EDA90074267C967F00D9ACB4 /* Base */,
			);
			name = Main.storyboard;
			sourceTree = "<group>";
		};
		EDA9007B267C968000D9ACB4 /* LaunchScreen.storyboard */ = {
			isa = PBXVariantGroup;
			children = (
				EDA9007C267C968000D9ACB4 /* Base */,
			);
			name = LaunchScreen.storyboard;
			sourceTree = "<group>";
		};
/* End PBXVariantGroup section */

/* Begin XCBuildConfiguration section */
		EDA9007F267C968000D9ACB4 /* Debug */ = {
			isa = XCBuildConfiguration;
			buildSettings = {
				ALWAYS_SEARCH_USER_PATHS = NO;
				CLANG_ANALYZER_NONNULL = YES;
				CLANG_ANALYZER_NUMBER_OBJECT_CONVERSION = YES_AGGRESSIVE;
				CLANG_CXX_LANGUAGE_STANDARD = "gnu++14";
				CLANG_CXX_LIBRARY = "libc++";
				CLANG_ENABLE_MODULES = YES;
				CLANG_ENABLE_OBJC_ARC = YES;
				CLANG_ENABLE_OBJC_WEAK = YES;
				CLANG_WARN_BLOCK_CAPTURE_AUTORELEASING = YES;
				CLANG_WARN_BOOL_CONVERSION = YES;
				CLANG_WARN_COMMA = YES;
				CLANG_WARN_CONSTANT_CONVERSION = YES;
				CLANG_WARN_DEPRECATED_OBJC_IMPLEMENTATIONS = YES;
				CLANG_WARN_DIRECT_OBJC_ISA_USAGE = YES_ERROR;
				CLANG_WARN_DOCUMENTATION_COMMENTS = YES;
				CLANG_WARN_EMPTY_BODY = YES;
				CLANG_WARN_ENUM_CONVERSION = YES;
				CLANG_WARN_INFINITE_RECURSION = YES;
				CLANG_WARN_INT_CONVERSION = YES;
				CLANG_WARN_NON_LITERAL_NULL_CONVERSION = YES;
				CLANG_WARN_OBJC_IMPLICIT_RETAIN_SELF = YES;
				CLANG_WARN_OBJC_LITERAL_CONVERSION = YES;
				CLANG_WARN_OBJC_ROOT_CLASS = YES_ERROR;
				CLANG_WARN_QUOTED_INCLUDE_IN_FRAMEWORK_HEADER = YES;
				CLANG_WARN_RANGE_LOOP_ANALYSIS = YES;
				CLANG_WARN_STRICT_PROTOTYPES = YES;
				CLANG_WARN_SUSPICIOUS_MOVE = YES;
				CLANG_WARN_UNGUARDED_AVAILABILITY = YES_AGGRESSIVE;
				CLANG_WARN_UNREACHABLE_CODE = YES;
				CLANG_WARN__DUPLICATE_METHOD_MATCH = YES;
				COPY_PHASE_STRIP = NO;
				DEBUG_INFORMATION_FORMAT = dwarf;
				ENABLE_STRICT_OBJC_MSGSEND = YES;
				ENABLE_TESTABILITY = YES;
				GCC_C_LANGUAGE_STANDARD = gnu11;
				GCC_DYNAMIC_NO_PIC = NO;
				GCC_NO_COMMON_BLOCKS = YES;
				GCC_OPTIMIZATION_LEVEL = 0;
				GCC_PREPROCESSOR_DEFINITIONS = (
					"DEBUG=1",
					"$(inherited)",
				);
				GCC_WARN_64_TO_32_BIT_CONVERSION = YES;
				GCC_WARN_ABOUT_RETURN_TYPE = YES_ERROR;
				GCC_WARN_UNDECLARED_SELECTOR = YES;
				GCC_WARN_UNINITIALIZED_AUTOS = YES_AGGRESSIVE;
				GCC_WARN_UNUSED_FUNCTION = YES;
				GCC_WARN_UNUSED_VARIABLE = YES;
				IPHONEOS_DEPLOYMENT_TARGET = 14.5;
				MTL_ENABLE_DEBUG_INFO = INCLUDE_SOURCE;
				MTL_FAST_MATH = YES;
				ONLY_ACTIVE_ARCH = YES;
				SDKROOT = iphoneos;
				SWIFT_ACTIVE_COMPILATION_CONDITIONS = DEBUG;
				SWIFT_OPTIMIZATION_LEVEL = "-Onone";
			};
			name = Debug;
		};
		EDA90080267C968000D9ACB4 /* Release */ = {
			isa = XCBuildConfiguration;
			buildSettings = {
				ALWAYS_SEARCH_USER_PATHS = NO;
				CLANG_ANALYZER_NONNULL = YES;
				CLANG_ANALYZER_NUMBER_OBJECT_CONVERSION = YES_AGGRESSIVE;
				CLANG_CXX_LANGUAGE_STANDARD = "gnu++14";
				CLANG_CXX_LIBRARY = "libc++";
				CLANG_ENABLE_MODULES = YES;
				CLANG_ENABLE_OBJC_ARC = YES;
				CLANG_ENABLE_OBJC_WEAK = YES;
				CLANG_WARN_BLOCK_CAPTURE_AUTORELEASING = YES;
				CLANG_WARN_BOOL_CONVERSION = YES;
				CLANG_WARN_COMMA = YES;
				CLANG_WARN_CONSTANT_CONVERSION = YES;
				CLANG_WARN_DEPRECATED_OBJC_IMPLEMENTATIONS = YES;
				CLANG_WARN_DIRECT_OBJC_ISA_USAGE = YES_ERROR;
				CLANG_WARN_DOCUMENTATION_COMMENTS = YES;
				CLANG_WARN_EMPTY_BODY = YES;
				CLANG_WARN_ENUM_CONVERSION = YES;
				CLANG_WARN_INFINITE_RECURSION = YES;
				CLANG_WARN_INT_CONVERSION = YES;
				CLANG_WARN_NON_LITERAL_NULL_CONVERSION = YES;
				CLANG_WARN_OBJC_IMPLICIT_RETAIN_SELF = YES;
				CLANG_WARN_OBJC_LITERAL_CONVERSION = YES;
				CLANG_WARN_OBJC_ROOT_CLASS = YES_ERROR;
				CLANG_WARN_QUOTED_INCLUDE_IN_FRAMEWORK_HEADER = YES;
				CLANG_WARN_RANGE_LOOP_ANALYSIS = YES;
				CLANG_WARN_STRICT_PROTOTYPES = YES;
				CLANG_WARN_SUSPICIOUS_MOVE = YES;
				CLANG_WARN_UNGUARDED_AVAILABILITY = YES_AGGRESSIVE;
				CLANG_WARN_UNREACHABLE_CODE = YES;
				CLANG_WARN__DUPLICATE_METHOD_MATCH = YES;
				COPY_PHASE_STRIP = NO;
				DEBUG_INFORMATION_FORMAT = "dwarf-with-dsym";
				ENABLE_NS_ASSERTIONS = NO;
				ENABLE_STRICT_OBJC_MSGSEND = YES;
				GCC_C_LANGUAGE_STANDARD = gnu11;
				GCC_NO_COMMON_BLOCKS = YES;
				GCC_WARN_64_TO_32_BIT_CONVERSION = YES;
				GCC_WARN_ABOUT_RETURN_TYPE = YES_ERROR;
				GCC_WARN_UNDECLARED_SELECTOR = YES;
				GCC_WARN_UNINITIALIZED_AUTOS = YES_AGGRESSIVE;
				GCC_WARN_UNUSED_FUNCTION = YES;
				GCC_WARN_UNUSED_VARIABLE = YES;
				IPHONEOS_DEPLOYMENT_TARGET = 14.5;
				MTL_ENABLE_DEBUG_INFO = NO;
				MTL_FAST_MATH = YES;
				SDKROOT = iphoneos;
				SWIFT_COMPILATION_MODE = wholemodule;
				SWIFT_OPTIMIZATION_LEVEL = "-O";
				VALIDATE_PRODUCT = YES;
			};
			name = Release;
		};
		EDA90082267C968000D9ACB4 /* Debug */ = {
			isa = XCBuildConfiguration;
			baseConfigurationReference = 33EE4186C97967C77730F69C /* Pods-WeatherAppTest.debug.xcconfig */;
			buildSettings = {
				ASSETCATALOG_COMPILER_APPICON_NAME = AppIcon;
				ASSETCATALOG_COMPILER_GLOBAL_ACCENT_COLOR_NAME = AccentColor;
				CODE_SIGN_STYLE = Automatic;
				DEVELOPMENT_TEAM = 9BPHV593J8;
				INFOPLIST_FILE = WeatherAppTest/Info.plist;
				LD_RUNPATH_SEARCH_PATHS = (
					"$(inherited)",
					"@executable_path/Frameworks",
				);
				PRODUCT_BUNDLE_IDENTIFIER = ru.redkozubov.WeatherAppTest;
				PRODUCT_NAME = "$(TARGET_NAME)";
				SWIFT_VERSION = 5.0;
				TARGETED_DEVICE_FAMILY = "1,2";
			};
			name = Debug;
		};
		EDA90083267C968000D9ACB4 /* Release */ = {
			isa = XCBuildConfiguration;
			baseConfigurationReference = 97F8A05EDBC9B5CBF7CF2C14 /* Pods-WeatherAppTest.release.xcconfig */;
			buildSettings = {
				ASSETCATALOG_COMPILER_APPICON_NAME = AppIcon;
				ASSETCATALOG_COMPILER_GLOBAL_ACCENT_COLOR_NAME = AccentColor;
				CODE_SIGN_STYLE = Automatic;
				DEVELOPMENT_TEAM = 9BPHV593J8;
				INFOPLIST_FILE = WeatherAppTest/Info.plist;
				LD_RUNPATH_SEARCH_PATHS = (
					"$(inherited)",
					"@executable_path/Frameworks",
				);
				PRODUCT_BUNDLE_IDENTIFIER = ru.redkozubov.WeatherAppTest;
				PRODUCT_NAME = "$(TARGET_NAME)";
				SWIFT_VERSION = 5.0;
				TARGETED_DEVICE_FAMILY = "1,2";
			};
			name = Release;
		};
/* End XCBuildConfiguration section */

/* Begin XCConfigurationList section */
		EDA90065267C967F00D9ACB4 /* Build configuration list for PBXProject "WeatherAppTest" */ = {
			isa = XCConfigurationList;
			buildConfigurations = (
				EDA9007F267C968000D9ACB4 /* Debug */,
				EDA90080267C968000D9ACB4 /* Release */,
			);
			defaultConfigurationIsVisible = 0;
			defaultConfigurationName = Release;
		};
		EDA90081267C968000D9ACB4 /* Build configuration list for PBXNativeTarget "WeatherAppTest" */ = {
			isa = XCConfigurationList;
			buildConfigurations = (
				EDA90082267C968000D9ACB4 /* Debug */,
				EDA90083267C968000D9ACB4 /* Release */,
			);
			defaultConfigurationIsVisible = 0;
			defaultConfigurationName = Release;
		};
/* End XCConfigurationList section */

/* Begin XCVersionGroup section */
		EDA90076267C967F00D9ACB4 /* WeatherAppTest.xcdatamodeld */ = {
			isa = XCVersionGroup;
			children = (
				EDA90077267C967F00D9ACB4 /* WeatherAppTest.xcdatamodel */,
			);
			currentVersion = EDA90077267C967F00D9ACB4 /* WeatherAppTest.xcdatamodel */;
			path = WeatherAppTest.xcdatamodeld;
			sourceTree = "<group>";
			versionGroupType = wrapper.xcdatamodel;
		};
/* End XCVersionGroup section */
	};
	rootObject = EDA90062267C967F00D9ACB4 /* Project object */;
}
